lockfileVersion: '6.0'

settings:
  autoInstallPeers: true
  excludeLinksFromLockfile: false

dependencies:
  '@cloudflare/workers-types':
    specifier: ^4.20240320.1
    version: 4.20240320.1
  '@tsconfig/strictest':
    specifier: ^2.0.4
    version: 2.0.4

packages:

  /@cloudflare/workers-types@4.20240320.1:
    resolution: {integrity: sha512-CiYtVpQURPgQqtBKkmOAnfPElVZuD7Xyf1IxKtKp2B4aB9gnooapwJhzeY8c4Ls4u17SgMS0MprOkrgYwzZ6xg==}
    dev: false

  /@tsconfig/strictest@2.0.4:
    resolution: {integrity: sha512-/VKO/oufDOvAE48KGzZOEXFBKtR3PnGlb4cJoRtw3Ax5tYwaWnaNgyTJDviIbvjlnn82WMfTNvhegFkj5Xt2UA==}
    dev: false
